
Microsoft Visual Studio Solution File, Format Version 12.00
# Visual Studio 2012
Project("{8BC9CEB8-8B4A-11D0-8D11-00A0C91BC942}") = "005_class_study_v3", "005_class_study_v3\005_class_study_v3.vcxproj", "{53A6B438-5EE2-42E3-A5A0-7D8CD009889E}"
EndProject
Global
	GlobalSection(SolutionConfigurationPlatforms) = preSolution
		Debug|Win32 = Debug|Win32
		Release|Win32 = Release|Win32
	EndGlobalSection
	GlobalSection(ProjectConfigurationPlatforms) = postSolution
		{53A6B438-5EE2-42E3-A5A0-7D8CD009889E}.Debug|Win32.ActiveCfg = Debug|Win32
		{53A6B438-5EE2-42E3-A5A0-7D8CD009889E}.Debug|Win32.Build.0 = Debug|Win32
		{53A6B438-5EE2-42E3-A5A0-7D8CD009889E}.Release|Win32.ActiveCfg = Release|Win32
		{53A6B438-5EE2-42E3-A5A0-7D8CD009889E}.Release|Win32.Build.0 = Release|Win32
	EndGlobalSection
	GlobalSection(SolutionProperties) = preSolution
		HideSolutionNode = FALSE
	EndGlobalSection
EndGlobal
