
Microsoft Visual Studio Solution File, Format Version 12.00
# Visual Studio 2012
Project("{FAE04EC0-301F-11D3-BF4B-00C04F79EFBC}") = "UcExample", "UcExample\UcExample.csproj", "{211DA3DA-A168-4785-A4F7-3DFDDD4FC6DB}"
EndProject
Global
	GlobalSection(SolutionConfigurationPlatforms) = preSolution
		Debug|Any CPU = Debug|Any CPU
		Release|Any CPU = Release|Any CPU
	EndGlobalSection
	GlobalSection(ProjectConfigurationPlatforms) = postSolution
		{211DA3DA-A168-4785-A4F7-3DFDDD4FC6DB}.Debug|Any CPU.ActiveCfg = Debug|Any CPU
		{211DA3DA-A168-4785-A4F7-3DFDDD4FC6DB}.Debug|Any CPU.Build.0 = Debug|Any CPU
		{211DA3DA-A168-4785-A4F7-3DFDDD4FC6DB}.Release|Any CPU.ActiveCfg = Release|Any CPU
		{211DA3DA-A168-4785-A4F7-3DFDDD4FC6DB}.Release|Any CPU.Build.0 = Release|Any CPU
	EndGlobalSection
	GlobalSection(SolutionProperties) = preSolution
		HideSolutionNode = FALSE
	EndGlobalSection
EndGlobal
