
Microsoft Visual Studio Solution File, Format Version 12.00
# Visual Studio 2012
Project("{FAE04EC0-301F-11D3-BF4B-00C04F79EFBC}") = "WpfUIThread", "WpfUIThread\WpfUIThread.csproj", "{BEB15ED2-1EF3-4AC4-9C04-63FD2512B845}"
EndProject
Global
	GlobalSection(SolutionConfigurationPlatforms) = preSolution
		Debug|Any CPU = Debug|Any CPU
		Release|Any CPU = Release|Any CPU
	EndGlobalSection
	GlobalSection(ProjectConfigurationPlatforms) = postSolution
		{BEB15ED2-1EF3-4AC4-9C04-63FD2512B845}.Debug|Any CPU.ActiveCfg = Debug|Any CPU
		{BEB15ED2-1EF3-4AC4-9C04-63FD2512B845}.Debug|Any CPU.Build.0 = Debug|Any CPU
		{BEB15ED2-1EF3-4AC4-9C04-63FD2512B845}.Release|Any CPU.ActiveCfg = Release|Any CPU
		{BEB15ED2-1EF3-4AC4-9C04-63FD2512B845}.Release|Any CPU.Build.0 = Release|Any CPU
	EndGlobalSection
	GlobalSection(SolutionProperties) = preSolution
		HideSolutionNode = FALSE
	EndGlobalSection
EndGlobal
